{
  "name": "skillvault",
  "version": "0.1.0",
  "lockfileVersion": 3,
  "requires": true,
  "packages": {
    "": {
      "name": "skillvault",
      "version": "0.1.0",
      "license": "MIT",
      "bin": {
        "skillvault": "bin/skillvault.js"
      },
      "devDependencies": {
        "postject": "^1.0.0-alpha.6"
      },
      "engines": {
        "node": ">=18"
      }
    },
    "../node_modules/.pnpm/esbuild@0.28.1/node_modules/esbuild": {
      "version": "0.28.1",
      "extraneous": true,
      "hasInstallScript": true,
      "license": "MIT",
      "bin": {
        "esbuild": "bin/esbuild"
      },
      "engines": {
        "node": ">=18"
      },
      "optionalDependencies": {
        "@esbuild/aix-ppc64": "0.28.1",
        "@esbuild/android-arm": "0.28.1",
        "@esbuild/android-arm64": "0.28.1",
        "@esbuild/android-x64": "0.28.1",
        "@esbuild/darwin-arm64": "0.28.1",
        "@esbuild/darwin-x64": "0.28.1",
        "@esbuild/freebsd-arm64": "0.28.1",
        "@esbuild/freebsd-x64": "0.28.1",
        "@esbuild/linux-arm": "0.28.1",
        "@esbuild/linux-arm64": "0.28.1",
        "@esbuild/linux-ia32": "0.28.1",
        "@esbuild/linux-loong64": "0.28.1",
        "@esbuild/linux-mips64el": "0.28.1",
        "@esbuild/linux-ppc64": "0.28.1",
        "@esbuild/linux-riscv64": "0.28.1",
        "@esbuild/linux-s390x": "0.28.1",
        "@esbuild/linux-x64": "0.28.1",
        "@esbuild/netbsd-arm64": "0.28.1",
        "@esbuild/netbsd-x64": "0.28.1",
        "@esbuild/openbsd-arm64": "0.28.1",
        "@esbuild/openbsd-x64": "0.28.1",
        "@esbuild/openharmony-arm64": "0.28.1",
        "@esbuild/sunos-x64": "0.28.1",
        "@esbuild/win32-arm64": "0.28.1",
        "@esbuild/win32-ia32": "0.28.1",
        "@esbuild/win32-x64": "0.28.1"
      }
    },
    "node_modules/commander": {
      "version": "9.5.0",
      "resolved": "https://registry.npmjs.org/commander/-/commander-9.5.0.tgz",
      "integrity": "sha512-KRs7WVDKg86PWiuAqhDrAQnTXZKraVcCc6vFdL14qrZ/DcWwuRo7VoiYXalXO7S5GKpqYiVEwCbgFDfxNHKJBQ==",
      "dev": true,
      "license": "MIT",
      "engines": {
        "node": "^12.20.0 || >=14"
      }
    },
    "node_modules/postject": {
      "version": "1.0.0-alpha.6",
      "resolved": "https://registry.npmjs.org/postject/-/postject-1.0.0-alpha.6.tgz",
      "integrity": "sha512-b9Eb8h2eVqNE8edvKdwqkrY6O7kAwmI8kcnBv1NScolYJbo59XUF0noFq+lxbC1yN20bmC0WBEbDC5H/7ASb0A==",
      "dev": true,
      "license": "MIT",
      "dependencies": {
        "commander": "^9.4.0"
      },
      "bin": {
        "postject": "dist/cli.js"
      },
      "engines": {
        "node": ">=14.0.0"
      }
    }
  }
}
